
Microsoft Visual Studio Solution File, Format Version 12.00
# Visual Studio Version 17
VisualStudioVersion = 17.9.34723.18
MinimumVisualStudioVersion = 10.0.40219.1
Project("{2150E333-8FDC-42A3-9474-1A3956D46DE8}") = "src", "src", "{8A2A4ECD-770A-4A6C-9D24-02B44EDE51B8}"
EndProject
Project("{FAE04EC0-301F-11D3-BF4B-00C04F79EFBC}") = "RockPaperScissors", "src\RockPaperScissors\RockPaperScissors.csproj", "{0C5F968B-C55A-42B2-838D-E8948D44C60C}"
EndProject
Global
	GlobalSection(SolutionConfigurationPlatforms) = preSolution
		Debug|Any CPU = Debug|Any CPU
		Release|Any CPU = Release|Any CPU
	EndGlobalSection
	GlobalSection(ProjectConfigurationPlatforms) = postSolution
		{0C5F968B-C55A-42B2-838D-E8948D44C60C}.Debug|Any CPU.ActiveCfg = Debug|Any CPU
		{0C5F968B-C55A-42B2-838D-E8948D44C60C}.Debug|Any CPU.Build.0 = Debug|Any CPU
		{0C5F968B-C55A-42B2-838D-E8948D44C60C}.Release|Any CPU.ActiveCfg = Release|Any CPU
		{0C5F968B-C55A-42B2-838D-E8948D44C60C}.Release|Any CPU.Build.0 = Release|Any CPU
	EndGlobalSection
	GlobalSection(SolutionProperties) = preSolution
		HideSolutionNode = FALSE
	EndGlobalSection
	GlobalSection(NestedProjects) = preSolution
		{0C5F968B-C55A-42B2-838D-E8948D44C60C} = {8A2A4ECD-770A-4A6C-9D24-02B44EDE51B8}
	EndGlobalSection
	GlobalSection(ExtensibilityGlobals) = postSolution
		SolutionGuid = {D4A73596-CD36-4012-8732-5F65617C4662}
	EndGlobalSection
EndGlobal
